
Microsoft Visual Studio Solution File, Format Version 12.00
# Visual Studio Version 16
VisualStudioVersion = 16.0.30907.101
MinimumVisualStudioVersion = 10.0.40219.1
Project("{9A19103F-16F7-4668-BE54-9A1E7A4F7556}") = "AdvDotNetAPI", "AdvDotNetAPI.csproj", "{7CB12096-FD11-46E7-A80D-35B90E4E9582}"
EndProject
Project("{FAE04EC0-301F-11D3-BF4B-00C04F79EFBC}") = "AdvDotNetAPIUnitTests", "..\AdvDotNetAPIUnitTests\AdvDotNetAPIUnitTests.csproj", "{A627B90A-8358-4518-8AD5-78669361E82F}"
EndProject
Global
	GlobalSection(SolutionConfigurationPlatforms) = preSolution
		Debug|Any CPU = Debug|Any CPU
		Release|Any CPU = Release|Any CPU
	EndGlobalSection
	GlobalSection(ProjectConfigurationPlatforms) = postSolution
		{7CB12096-FD11-46E7-A80D-35B90E4E9582}.Debug|Any CPU.ActiveCfg = Debug|Any CPU
		{7CB12096-FD11-46E7-A80D-35B90E4E9582}.Debug|Any CPU.Build.0 = Debug|Any CPU
		{7CB12096-FD11-46E7-A80D-35B90E4E9582}.Release|Any CPU.ActiveCfg = Release|Any CPU
		{7CB12096-FD11-46E7-A80D-35B90E4E9582}.Release|Any CPU.Build.0 = Release|Any CPU
		{A627B90A-8358-4518-8AD5-78669361E82F}.Debug|Any CPU.ActiveCfg = Debug|Any CPU
		{A627B90A-8358-4518-8AD5-78669361E82F}.Debug|Any CPU.Build.0 = Debug|Any CPU
		{A627B90A-8358-4518-8AD5-78669361E82F}.Release|Any CPU.ActiveCfg = Release|Any CPU
		{A627B90A-8358-4518-8AD5-78669361E82F}.Release|Any CPU.Build.0 = Release|Any CPU
	EndGlobalSection
	GlobalSection(SolutionProperties) = preSolution
		HideSolutionNode = FALSE
	EndGlobalSection
	GlobalSection(ExtensibilityGlobals) = postSolution
		SolutionGuid = {84A9CE9A-CBDA-4FC0-B8F7-B14629B68346}
	EndGlobalSection
EndGlobal
